
Microsoft Visual Studio Solution File, Format Version 12.00
# Visual Studio 15
VisualStudioVersion = 15.0.28307.489
MinimumVisualStudioVersion = 10.0.40219.1
Project("{9A19103F-16F7-4668-BE54-9A1E7A4F7556}") = "Facemash", "Facemash\Facemash.csproj", "{6B1AD2B6-8AE6-45A7-B0B2-7270AD1F8916}"
EndProject
Project("{FAE04EC0-301F-11D3-BF4B-00C04F79EFBC}") = "FacemashService", "FacemashService\FacemashService.csproj", "{E4C8A8A4-BFD0-4435-A918-800BD53D873E}"
EndProject
Project("{FAE04EC0-301F-11D3-BF4B-00C04F79EFBC}") = "FacemashModel", "FacemashModel\FacemashModel.csproj", "{C5DC3F09-8885-4DDD-997C-C21A01DF213C}"
EndProject
Project("{9A19103F-16F7-4668-BE54-9A1E7A4F7556}") = "FacemashTest.cs", "FacemashTest.cs\FacemashTest.cs.csproj", "{24E02378-ADC5-4F13-A349-51595666E7A1}"
EndProject
Project("{FAE04EC0-301F-11D3-BF4B-00C04F79EFBC}") = "FacemashWeb", "FacemashWeb\FacemashWeb.csproj", "{AA8C1042-B28A-48ED-A583-47C16B4E3E5E}"
EndProject
Project("{00D1A9C2-B5F0-4AF3-8072-F6C62B433612}") = "FacemashDB", "FacemashDB\FacemashDB.sqlproj", "{4EE1A1AC-47F2-4ED1-94B6-3A287814F6A1}"
EndProject
Project("{FAE04EC0-301F-11D3-BF4B-00C04F79EFBC}") = "FacemashRepository", "FacemashRepository\FacemashRepository.csproj", "{3D9B08C8-B05A-4C44-9171-E147D3245C23}"
EndProject
Global
	GlobalSection(SolutionConfigurationPlatforms) = preSolution
		Debug|Any CPU = Debug|Any CPU
		Release|Any CPU = Release|Any CPU
	EndGlobalSection
	GlobalSection(ProjectConfigurationPlatforms) = postSolution
		{6B1AD2B6-8AE6-45A7-B0B2-7270AD1F8916}.Debug|Any CPU.ActiveCfg = Debug|Any CPU
		{6B1AD2B6-8AE6-45A7-B0B2-7270AD1F8916}.Debug|Any CPU.Build.0 = Debug|Any CPU
		{6B1AD2B6-8AE6-45A7-B0B2-7270AD1F8916}.Release|Any CPU.ActiveCfg = Release|Any CPU
		{6B1AD2B6-8AE6-45A7-B0B2-7270AD1F8916}.Release|Any CPU.Build.0 = Release|Any CPU
		{E4C8A8A4-BFD0-4435-A918-800BD53D873E}.Debug|Any CPU.ActiveCfg = Debug|Any CPU
		{E4C8A8A4-BFD0-4435-A918-800BD53D873E}.Debug|Any CPU.Build.0 = Debug|Any CPU
		{E4C8A8A4-BFD0-4435-A918-800BD53D873E}.Release|Any CPU.ActiveCfg = Release|Any CPU
		{E4C8A8A4-BFD0-4435-A918-800BD53D873E}.Release|Any CPU.Build.0 = Release|Any CPU
		{C5DC3F09-8885-4DDD-997C-C21A01DF213C}.Debug|Any CPU.ActiveCfg = Debug|Any CPU
		{C5DC3F09-8885-4DDD-997C-C21A01DF213C}.Debug|Any CPU.Build.0 = Debug|Any CPU
		{C5DC3F09-8885-4DDD-997C-C21A01DF213C}.Release|Any CPU.ActiveCfg = Release|Any CPU
		{C5DC3F09-8885-4DDD-997C-C21A01DF213C}.Release|Any CPU.Build.0 = Release|Any CPU
		{24E02378-ADC5-4F13-A349-51595666E7A1}.Debug|Any CPU.ActiveCfg = Debug|Any CPU
		{24E02378-ADC5-4F13-A349-51595666E7A1}.Debug|Any CPU.Build.0 = Debug|Any CPU
		{24E02378-ADC5-4F13-A349-51595666E7A1}.Release|Any CPU.ActiveCfg = Release|Any CPU
		{24E02378-ADC5-4F13-A349-51595666E7A1}.Release|Any CPU.Build.0 = Release|Any CPU
		{AA8C1042-B28A-48ED-A583-47C16B4E3E5E}.Debug|Any CPU.ActiveCfg = Debug|Any CPU
		{AA8C1042-B28A-48ED-A583-47C16B4E3E5E}.Debug|Any CPU.Build.0 = Debug|Any CPU
		{AA8C1042-B28A-48ED-A583-47C16B4E3E5E}.Release|Any CPU.ActiveCfg = Release|Any CPU
		{AA8C1042-B28A-48ED-A583-47C16B4E3E5E}.Release|Any CPU.Build.0 = Release|Any CPU
		{4EE1A1AC-47F2-4ED1-94B6-3A287814F6A1}.Debug|Any CPU.ActiveCfg = Debug|Any CPU
		{4EE1A1AC-47F2-4ED1-94B6-3A287814F6A1}.Debug|Any CPU.Build.0 = Debug|Any CPU
		{4EE1A1AC-47F2-4ED1-94B6-3A287814F6A1}.Debug|Any CPU.Deploy.0 = Debug|Any CPU
		{4EE1A1AC-47F2-4ED1-94B6-3A287814F6A1}.Release|Any CPU.ActiveCfg = Release|Any CPU
		{4EE1A1AC-47F2-4ED1-94B6-3A287814F6A1}.Release|Any CPU.Build.0 = Release|Any CPU
		{4EE1A1AC-47F2-4ED1-94B6-3A287814F6A1}.Release|Any CPU.Deploy.0 = Release|Any CPU
		{3D9B08C8-B05A-4C44-9171-E147D3245C23}.Debug|Any CPU.ActiveCfg = Debug|Any CPU
		{3D9B08C8-B05A-4C44-9171-E147D3245C23}.Debug|Any CPU.Build.0 = Debug|Any CPU
		{3D9B08C8-B05A-4C44-9171-E147D3245C23}.Release|Any CPU.ActiveCfg = Release|Any CPU
		{3D9B08C8-B05A-4C44-9171-E147D3245C23}.Release|Any CPU.Build.0 = Release|Any CPU
	EndGlobalSection
	GlobalSection(SolutionProperties) = preSolution
		HideSolutionNode = FALSE
	EndGlobalSection
	GlobalSection(ExtensibilityGlobals) = postSolution
		SolutionGuid = {66AAEA56-42C2-40C5-8061-2135396B5BB7}
	EndGlobalSection
EndGlobal
